
Microsoft Visual Studio Solution File, Format Version 12.00
# Visual Studio Version 17
VisualStudioVersion = 17.0.31912.275
MinimumVisualStudioVersion = 10.0.40219.1
Project("{9A19103F-16F7-4668-BE54-9A1E7A4F7556}") = "Net6WorkerTest", "Net6WorkerTest\Net6WorkerTest.csproj", "{97666D0F-00ED-46A8-8037-9A665A89E69C}"
EndProject
Project("{9A19103F-16F7-4668-BE54-9A1E7A4F7556}") = "WebWorkerParent", "WebWorkerParent\WebWorkerParent.csproj", "{09B70F6E-4F6E-4CA7-A1A8-68C790349DC6}"
EndProject
Project("{9A19103F-16F7-4668-BE54-9A1E7A4F7556}") = "SampleWorkerAssembly", "SampleWorkerAssembly\SampleWorkerAssembly.csproj", "{29FA5967-745A-4AA3-8F25-C3F203F4A0E4}"
EndProject
Project("{FAE04EC0-301F-11D3-BF4B-00C04F79EFBC}") = "WebResource", "WebResource\WebResource.csproj", "{77C3823B-0DE4-4E00-822E-66C22A343AA9}"
EndProject
Global
	GlobalSection(SolutionConfigurationPlatforms) = preSolution
		Debug|Any CPU = Debug|Any CPU
		Release|Any CPU = Release|Any CPU
	EndGlobalSection
	GlobalSection(ProjectConfigurationPlatforms) = postSolution
		{97666D0F-00ED-46A8-8037-9A665A89E69C}.Debug|Any CPU.ActiveCfg = Debug|Any CPU
		{97666D0F-00ED-46A8-8037-9A665A89E69C}.Debug|Any CPU.Build.0 = Debug|Any CPU
		{97666D0F-00ED-46A8-8037-9A665A89E69C}.Release|Any CPU.ActiveCfg = Release|Any CPU
		{97666D0F-00ED-46A8-8037-9A665A89E69C}.Release|Any CPU.Build.0 = Release|Any CPU
		{09B70F6E-4F6E-4CA7-A1A8-68C790349DC6}.Debug|Any CPU.ActiveCfg = Debug|Any CPU
		{09B70F6E-4F6E-4CA7-A1A8-68C790349DC6}.Debug|Any CPU.Build.0 = Debug|Any CPU
		{09B70F6E-4F6E-4CA7-A1A8-68C790349DC6}.Release|Any CPU.ActiveCfg = Release|Any CPU
		{09B70F6E-4F6E-4CA7-A1A8-68C790349DC6}.Release|Any CPU.Build.0 = Release|Any CPU
		{29FA5967-745A-4AA3-8F25-C3F203F4A0E4}.Debug|Any CPU.ActiveCfg = Debug|Any CPU
		{29FA5967-745A-4AA3-8F25-C3F203F4A0E4}.Debug|Any CPU.Build.0 = Debug|Any CPU
		{29FA5967-745A-4AA3-8F25-C3F203F4A0E4}.Release|Any CPU.ActiveCfg = Release|Any CPU
		{29FA5967-745A-4AA3-8F25-C3F203F4A0E4}.Release|Any CPU.Build.0 = Release|Any CPU
		{77C3823B-0DE4-4E00-822E-66C22A343AA9}.Debug|Any CPU.ActiveCfg = Debug|Any CPU
		{77C3823B-0DE4-4E00-822E-66C22A343AA9}.Debug|Any CPU.Build.0 = Debug|Any CPU
		{77C3823B-0DE4-4E00-822E-66C22A343AA9}.Release|Any CPU.ActiveCfg = Release|Any CPU
		{77C3823B-0DE4-4E00-822E-66C22A343AA9}.Release|Any CPU.Build.0 = Release|Any CPU
	EndGlobalSection
	GlobalSection(SolutionProperties) = preSolution
		HideSolutionNode = FALSE
	EndGlobalSection
	GlobalSection(ExtensibilityGlobals) = postSolution
		SolutionGuid = {16AC38D8-3B1B-4E87-B79E-3BE9815F7A35}
	EndGlobalSection
EndGlobal
